PODS:
  - SwiftFormat/CLI (0.33.11)
  - SwiftLint (0.26.0)

DEPENDENCIES:
  - SwiftFormat/CLI
  - SwiftLint (from `https://github.com/realm/SwiftLint.git`)

SPEC REPOS:
  https://github.com/cocoapods/specs.git:
    - SwiftFormat

EXTERNAL SOURCES:
  SwiftLint:
    :git: https://github.com/realm/SwiftLint.git

CHECKOUT OPTIONS:
  SwiftLint:
    :commit: 41d3977412f99b95413d0c89b309c80d2504fe69
    :git: https://github.com/realm/SwiftLint.git

SPEC CHECKSUMS:
  SwiftFormat: fa1b577bb4f0cd4f8cfe70d07945aa894ef5f97a
  SwiftLint: f6b83e8d95ee1e91e11932d843af4fdcbf3fc764

PODFILE CHECKSUM: d9f7392aaa347efa4425a38703b7f29de0bc38ec

COCOAPODS: 1.5.3
