// !$*UTF8*$!
{
	archiveVersion = 1;
	classes = {
	};
	objectVersion = 52;
	objects = {

/* Begin PBXBuildFile section */
		1380AC6628E4A0AF00C43ACB /* ZIPFoundation in Frameworks */ = {isa = PBXBuildFile; productRef = 1380AC6528E4A0AF00C43ACB /* ZIPFoundation */; };
		970EAD93213AE98000AA0A42 /* Styles.swift in Sources */ = {isa = PBXBuildFile; fileRef = 970EAD92213AE98000AA0A42 /* Styles.swift */; };
		970EAD95213AEE7300AA0A42 /* Images.swift in Sources */ = {isa = PBXBuildFile; fileRef = 970EAD94213AEE7300AA0A42 /* Images.swift */; };
		972D447A213C330800A6E928 /* main.swift in Sources */ = {isa = PBXBuildFile; fileRef = 972D4479213C330800A6E928 /* main.swift */; };
		972D447C213C3E5F00A6E928 /* Bundle+Extension.swift in Sources */ = {isa = PBXBuildFile; fileRef = 972D447B213C3E5F00A6E928 /* Bundle+Extension.swift */; };
		972D447E213C3FFF00A6E928 /* AppDelegate+Menus.swift in Sources */ = {isa = PBXBuildFile; fileRef = 972D447D213C3FFF00A6E928 /* AppDelegate+Menus.swift */; };
		97367062213581C80032CD76 /* BookControlsViewController.swift in Sources */ = {isa = PBXBuildFile; fileRef = 97367061213581C80032CD76 /* BookControlsViewController.swift */; };
		97367064213584D00032CD76 /* NSViewController+Extension.swift in Sources */ = {isa = PBXBuildFile; fileRef = 97367063213584D00032CD76 /* NSViewController+Extension.swift */; };
		973C886621398F9800A42A18 /* UserDefaults+Extension.swift in Sources */ = {isa = PBXBuildFile; fileRef = 973C886521398F9800A42A18 /* UserDefaults+Extension.swift */; };
		97405E9320FE2767008DF546 /* AppDelegate.swift in Sources */ = {isa = PBXBuildFile; fileRef = 97405E9220FE2767008DF546 /* AppDelegate.swift */; };
		97405E9520FE2767008DF546 /* ViewController.swift in Sources */ = {isa = PBXBuildFile; fileRef = 97405E9420FE2767008DF546 /* ViewController.swift */; };
		97405E9720FE2768008DF546 /* Assets.xcassets in Resources */ = {isa = PBXBuildFile; fileRef = 97405E9620FE2768008DF546 /* Assets.xcassets */; };
		97405E9A20FE2768008DF546 /* Main.storyboard in Resources */ = {isa = PBXBuildFile; fileRef = 97405E9820FE2768008DF546 /* Main.storyboard */; };
		97405EA320FE2988008DF546 /* AppContext.swift in Sources */ = {isa = PBXBuildFile; fileRef = 97405EA220FE2988008DF546 /* AppContext.swift */; };
		9754843921285D4200DAEAD0 /* BookOperationScheduler.swift in Sources */ = {isa = PBXBuildFile; fileRef = 9754843821285D4200DAEAD0 /* BookOperationScheduler.swift */; };
		9754843B2128608A00DAEAD0 /* BookPageOperation.swift in Sources */ = {isa = PBXBuildFile; fileRef = 9754843A2128608A00DAEAD0 /* BookPageOperation.swift */; };
		9754843D212863AF00DAEAD0 /* BookData.swift in Sources */ = {isa = PBXBuildFile; fileRef = 9754843C212863AF00DAEAD0 /* BookData.swift */; };
		97550AB421109C9E003E93FF /* BookPresenterViewController.swift in Sources */ = {isa = PBXBuildFile; fileRef = 97550AB321109C9E003E93FF /* BookPresenterViewController.swift */; };
		97671FBE2145536200B19B79 /* PreviewableSlider.swift in Sources */ = {isa = PBXBuildFile; fileRef = 97671FBD2145536200B19B79 /* PreviewableSlider.swift */; };
		97671FC02145681100B19B79 /* NSImage+Extension.swift in Sources */ = {isa = PBXBuildFile; fileRef = 97671FBF2145681100B19B79 /* NSImage+Extension.swift */; };
		977902FF210C4CD6009458F8 /* BookContainerViewController.swift in Sources */ = {isa = PBXBuildFile; fileRef = 977902FE210C4CD6009458F8 /* BookContainerViewController.swift */; };
		977E5FD6211891EB0011BB1A /* BookPage.swift in Sources */ = {isa = PBXBuildFile; fileRef = 977E5FD5211891EB0011BB1A /* BookPage.swift */; };
		97874A2E2103A79300DACCE8 /* BookItem.swift in Sources */ = {isa = PBXBuildFile; fileRef = 97874A2D2103A79300DACCE8 /* BookItem.swift */; };
		97874A302103A87500DACCE8 /* BookShelfDataSource.swift in Sources */ = {isa = PBXBuildFile; fileRef = 97874A2F2103A87500DACCE8 /* BookShelfDataSource.swift */; };
		97932DEA210CA5DC0077368B /* BookShelfViewController.swift in Sources */ = {isa = PBXBuildFile; fileRef = 97932DE8210CA5DC0077368B /* BookShelfViewController.swift */; };
		97C99A202106145A00DA0D48 /* BookZipDocument.swift in Sources */ = {isa = PBXBuildFile; fileRef = 97C99A1F2106145A00DA0D48 /* BookZipDocument.swift */; };
		97DBB3E22123219C004DB117 /* Log.swift in Sources */ = {isa = PBXBuildFile; fileRef = 97DBB3E12123219C004DB117 /* Log.swift */; };
		97FBC4CB211F656300A8DC3F /* Entry+Extension.swift in Sources */ = {isa = PBXBuildFile; fileRef = 97FBC4CA211F656300A8DC3F /* Entry+Extension.swift */; };
		97FBC4CD211F71EB00A8DC3F /* EventsView.swift in Sources */ = {isa = PBXBuildFile; fileRef = 97FBC4CC211F71EB00A8DC3F /* EventsView.swift */; };
		97FD321E21134E2E00EE4978 /* Book.swift in Sources */ = {isa = PBXBuildFile; fileRef = 97FD321D21134E2E00EE4978 /* Book.swift */; };
		97FD322021134ED000EE4978 /* BookError.swift in Sources */ = {isa = PBXBuildFile; fileRef = 97FD321F21134ED000EE4978 /* BookError.swift */; };
/* End PBXBuildFile section */

/* Begin PBXFileReference section */
		970EAD92213AE98000AA0A42 /* Styles.swift */ = {isa = PBXFileReference; fileEncoding = 4; lastKnownFileType = sourcecode.swift; path = Styles.swift; sourceTree = "<group>"; };
		970EAD94213AEE7300AA0A42 /* Images.swift */ = {isa = PBXFileReference; lastKnownFileType = sourcecode.swift; path = Images.swift; sourceTree = "<group>"; };
		972D4479213C330800A6E928 /* main.swift */ = {isa = PBXFileReference; lastKnownFileType = sourcecode.swift; path = main.swift; sourceTree = "<group>"; };
		972D447B213C3E5F00A6E928 /* Bundle+Extension.swift */ = {isa = PBXFileReference; lastKnownFileType = sourcecode.swift; path = "Bundle+Extension.swift"; sourceTree = "<group>"; };
		972D447D213C3FFF00A6E928 /* AppDelegate+Menus.swift */ = {isa = PBXFileReference; lastKnownFileType = sourcecode.swift; path = "AppDelegate+Menus.swift"; sourceTree = "<group>"; };
		97367061213581C80032CD76 /* BookControlsViewController.swift */ = {isa = PBXFileReference; lastKnownFileType = sourcecode.swift; path = BookControlsViewController.swift; sourceTree = "<group>"; };
		97367063213584D00032CD76 /* NSViewController+Extension.swift */ = {isa = PBXFileReference; lastKnownFileType = sourcecode.swift; path = "NSViewController+Extension.swift"; sourceTree = "<group>"; };
		973C886521398F9800A42A18 /* UserDefaults+Extension.swift */ = {isa = PBXFileReference; lastKnownFileType = sourcecode.swift; path = "UserDefaults+Extension.swift"; sourceTree = "<group>"; };
		97405E8F20FE2767008DF546 /* Mangavigator.app */ = {isa = PBXFileReference; explicitFileType = wrapper.application; includeInIndex = 0; path = Mangavigator.app; sourceTree = BUILT_PRODUCTS_DIR; };
		97405E9220FE2767008DF546 /* AppDelegate.swift */ = {isa = PBXFileReference; lastKnownFileType = sourcecode.swift; path = AppDelegate.swift; sourceTree = "<group>"; };
		97405E9420FE2767008DF546 /* ViewController.swift */ = {isa = PBXFileReference; lastKnownFileType = sourcecode.swift; path = ViewController.swift; sourceTree = "<group>"; };
		97405E9620FE2768008DF546 /* Assets.xcassets */ = {isa = PBXFileReference; lastKnownFileType = folder.assetcatalog; path = Assets.xcassets; sourceTree = "<group>"; };
		97405E9920FE2768008DF546 /* Base */ = {isa = PBXFileReference; lastKnownFileType = file.storyboard; name = Base; path = Base.lproj/Main.storyboard; sourceTree = "<group>"; };
		97405E9B20FE2768008DF546 /* Info.plist */ = {isa = PBXFileReference; lastKnownFileType = text.plist.xml; path = Info.plist; sourceTree = "<group>"; };
		97405E9C20FE2768008DF546 /* Mangavigator.entitlements */ = {isa = PBXFileReference; lastKnownFileType = text.plist.entitlements; path = Mangavigator.entitlements; sourceTree = "<group>"; };
		97405EA220FE2988008DF546 /* AppContext.swift */ = {isa = PBXFileReference; lastKnownFileType = sourcecode.swift; path = AppContext.swift; sourceTree = "<group>"; };
		9754843821285D4200DAEAD0 /* BookOperationScheduler.swift */ = {isa = PBXFileReference; lastKnownFileType = sourcecode.swift; path = BookOperationScheduler.swift; sourceTree = "<group>"; };
		9754843A2128608A00DAEAD0 /* BookPageOperation.swift */ = {isa = PBXFileReference; lastKnownFileType = sourcecode.swift; path = BookPageOperation.swift; sourceTree = "<group>"; };
		9754843C212863AF00DAEAD0 /* BookData.swift */ = {isa = PBXFileReference; lastKnownFileType = sourcecode.swift; path = BookData.swift; sourceTree = "<group>"; };
		97550AB321109C9E003E93FF /* BookPresenterViewController.swift */ = {isa = PBXFileReference; lastKnownFileType = sourcecode.swift; path = BookPresenterViewController.swift; sourceTree = "<group>"; };
		97671FBD2145536200B19B79 /* PreviewableSlider.swift */ = {isa = PBXFileReference; lastKnownFileType = sourcecode.swift; path = PreviewableSlider.swift; sourceTree = "<group>"; };
		97671FBF2145681100B19B79 /* NSImage+Extension.swift */ = {isa = PBXFileReference; lastKnownFileType = sourcecode.swift; path = "NSImage+Extension.swift"; sourceTree = "<group>"; };
		977740A32102C5B80075928F /* MyPlayground.playground */ = {isa = PBXFileReference; lastKnownFileType = file.playground; path = MyPlayground.playground; sourceTree = "<group>"; xcLanguageSpecificationIdentifier = xcode.lang.swift; };
		977902FE210C4CD6009458F8 /* BookContainerViewController.swift */ = {isa = PBXFileReference; lastKnownFileType = sourcecode.swift; path = BookContainerViewController.swift; sourceTree = "<group>"; };
		977E5FD5211891EB0011BB1A /* BookPage.swift */ = {isa = PBXFileReference; lastKnownFileType = sourcecode.swift; path = BookPage.swift; sourceTree = "<group>"; };
		97874A2D2103A79300DACCE8 /* BookItem.swift */ = {isa = PBXFileReference; lastKnownFileType = sourcecode.swift; path = BookItem.swift; sourceTree = "<group>"; };
		97874A2F2103A87500DACCE8 /* BookShelfDataSource.swift */ = {isa = PBXFileReference; lastKnownFileType = sourcecode.swift; path = BookShelfDataSource.swift; sourceTree = "<group>"; };
		97932DE8210CA5DC0077368B /* BookShelfViewController.swift */ = {isa = PBXFileReference; lastKnownFileType = sourcecode.swift; path = BookShelfViewController.swift; sourceTree = "<group>"; };
		97C99A1F2106145A00DA0D48 /* BookZipDocument.swift */ = {isa = PBXFileReference; lastKnownFileType = sourcecode.swift; path = BookZipDocument.swift; sourceTree = "<group>"; };
		97DBB3E12123219C004DB117 /* Log.swift */ = {isa = PBXFileReference; lastKnownFileType = sourcecode.swift; path = Log.swift; sourceTree = "<group>"; };
		97FBC4CA211F656300A8DC3F /* Entry+Extension.swift */ = {isa = PBXFileReference; lastKnownFileType = sourcecode.swift; path = "Entry+Extension.swift"; sourceTree = "<group>"; };
		97FBC4CC211F71EB00A8DC3F /* EventsView.swift */ = {isa = PBXFileReference; lastKnownFileType = sourcecode.swift; path = EventsView.swift; sourceTree = "<group>"; };
		97FD321D21134E2E00EE4978 /* Book.swift */ = {isa = PBXFileReference; lastKnownFileType = sourcecode.swift; path = Book.swift; sourceTree = "<group>"; };
		97FD321F21134ED000EE4978 /* BookError.swift */ = {isa = PBXFileReference; lastKnownFileType = sourcecode.swift; path = BookError.swift; sourceTree = "<group>"; };
/* End PBXFileReference section */

/* Begin PBXFrameworksBuildPhase section */
		97405E8C20FE2767008DF546 /* Frameworks */ = {
			isa = PBXFrameworksBuildPhase;
			buildActionMask = 2147483647;
			files = (
				1380AC6628E4A0AF00C43ACB /* ZIPFoundation in Frameworks */,
			);
			runOnlyForDeploymentPostprocessing = 0;
		};
/* End PBXFrameworksBuildPhase section */

/* Begin PBXGroup section */
		970EAD91213AE97400AA0A42 /* Resource */ = {
			isa = PBXGroup;
			children = (
				970EAD92213AE98000AA0A42 /* Styles.swift */,
				970EAD94213AEE7300AA0A42 /* Images.swift */,
			);
			path = Resource;
			sourceTree = "<group>";
		};
		973C886421398F8400A42A18 /* Preferences */ = {
			isa = PBXGroup;
			children = (
				973C886521398F9800A42A18 /* UserDefaults+Extension.swift */,
			);
			path = Preferences;
			sourceTree = "<group>";
		};
		97405E8620FE2767008DF546 = {
			isa = PBXGroup;
			children = (
				977740A32102C5B80075928F /* MyPlayground.playground */,
				97405E9120FE2767008DF546 /* Mangavigator */,
				97405E9020FE2767008DF546 /* Products */,
			);
			sourceTree = "<group>";
		};
		97405E9020FE2767008DF546 /* Products */ = {
			isa = PBXGroup;
			children = (
				97405E8F20FE2767008DF546 /* Mangavigator.app */,
			);
			name = Products;
			sourceTree = "<group>";
		};
		97405E9120FE2767008DF546 /* Mangavigator */ = {
			isa = PBXGroup;
			children = (
				972D4479213C330800A6E928 /* main.swift */,
				97405E9220FE2767008DF546 /* AppDelegate.swift */,
				972D447D213C3FFF00A6E928 /* AppDelegate+Menus.swift */,
				97405E9420FE2767008DF546 /* ViewController.swift */,
				970EAD91213AE97400AA0A42 /* Resource */,
				973C886421398F8400A42A18 /* Preferences */,
				97DBB3E021232192004DB117 /* Util */,
				97790300210C4D1C009458F8 /* BookDocuments */,
				977902FD210C4CB1009458F8 /* BookContainer */,
				97874A2A2103A22600DACCE8 /* BookShelf */,
				97550AB221109C77003E93FF /* BooKPresenter */,
				97405EA220FE2988008DF546 /* AppContext.swift */,
				97405E9620FE2768008DF546 /* Assets.xcassets */,
				97405E9820FE2768008DF546 /* Main.storyboard */,
				97405E9B20FE2768008DF546 /* Info.plist */,
				97405E9C20FE2768008DF546 /* Mangavigator.entitlements */,
			);
			path = Mangavigator;
			sourceTree = "<group>";
		};
		97550AB221109C77003E93FF /* BooKPresenter */ = {
			isa = PBXGroup;
			children = (
				97550AB321109C9E003E93FF /* BookPresenterViewController.swift */,
				97367061213581C80032CD76 /* BookControlsViewController.swift */,
				97671FBD2145536200B19B79 /* PreviewableSlider.swift */,
				97FBC4CC211F71EB00A8DC3F /* EventsView.swift */,
			);
			path = BooKPresenter;
			sourceTree = "<group>";
		};
		977902FD210C4CB1009458F8 /* BookContainer */ = {
			isa = PBXGroup;
			children = (
				977902FE210C4CD6009458F8 /* BookContainerViewController.swift */,
			);
			path = BookContainer;
			sourceTree = "<group>";
		};
		97790300210C4D1C009458F8 /* BookDocuments */ = {
			isa = PBXGroup;
			children = (
				97C99A1F2106145A00DA0D48 /* BookZipDocument.swift */,
				97FD321D21134E2E00EE4978 /* Book.swift */,
				9754843C212863AF00DAEAD0 /* BookData.swift */,
				9754843821285D4200DAEAD0 /* BookOperationScheduler.swift */,
				9754843A2128608A00DAEAD0 /* BookPageOperation.swift */,
				977E5FD5211891EB0011BB1A /* BookPage.swift */,
				97FD321F21134ED000EE4978 /* BookError.swift */,
				97FBC4CA211F656300A8DC3F /* Entry+Extension.swift */,
			);
			path = BookDocuments;
			sourceTree = "<group>";
		};
		97874A2A2103A22600DACCE8 /* BookShelf */ = {
			isa = PBXGroup;
			children = (
				97932DE8210CA5DC0077368B /* BookShelfViewController.swift */,
				97874A2D2103A79300DACCE8 /* BookItem.swift */,
				97874A2F2103A87500DACCE8 /* BookShelfDataSource.swift */,
			);
			path = BookShelf;
			sourceTree = "<group>";
		};
		97DBB3E021232192004DB117 /* Util */ = {
			isa = PBXGroup;
			children = (
				97DBB3E12123219C004DB117 /* Log.swift */,
				972D447B213C3E5F00A6E928 /* Bundle+Extension.swift */,
				97367063213584D00032CD76 /* NSViewController+Extension.swift */,
				97671FBF2145681100B19B79 /* NSImage+Extension.swift */,
			);
			path = Util;
			sourceTree = "<group>";
		};
/* End PBXGroup section */

/* Begin PBXNativeTarget section */
		97405E8E20FE2767008DF546 /* Mangavigator */ = {
			isa = PBXNativeTarget;
			buildConfigurationList = 97405E9F20FE2768008DF546 /* Build configuration list for PBXNativeTarget "Mangavigator" */;
			buildPhases = (
				97405E8B20FE2767008DF546 /* Sources */,
				97405E8C20FE2767008DF546 /* Frameworks */,
				97405E8D20FE2767008DF546 /* Resources */,
			);
			buildRules = (
			);
			dependencies = (
			);
			name = Mangavigator;
			packageProductDependencies = (
				1380AC6528E4A0AF00C43ACB /* ZIPFoundation */,
			);
			productName = Mangavigator;
			productReference = 97405E8F20FE2767008DF546 /* Mangavigator.app */;
			productType = "com.apple.product-type.application";
		};
/* End PBXNativeTarget section */

/* Begin PBXProject section */
		97405E8720FE2767008DF546 /* Project object */ = {
			isa = PBXProject;
			attributes = {
				LastSwiftUpdateCheck = 1000;
				LastUpgradeCheck = 1400;
				ORGANIZATIONNAME = "Gu Chao";
				TargetAttributes = {
					97405E8E20FE2767008DF546 = {
						CreatedOnToolsVersion = 10.0;
						LastSwiftMigration = "";
					};
				};
			};
			buildConfigurationList = 97405E8A20FE2767008DF546 /* Build configuration list for PBXProject "Mangavigator" */;
			compatibilityVersion = "Xcode 9.3";
			developmentRegion = en;
			hasScannedForEncodings = 0;
			knownRegions = (
				en,
				Base,
			);
			mainGroup = 97405E8620FE2767008DF546;
			packageReferences = (
				1380AC6428E4A0AF00C43ACB /* XCRemoteSwiftPackageReference "ZIPFoundation" */,
			);
			productRefGroup = 97405E9020FE2767008DF546 /* Products */;
			projectDirPath = "";
			projectRoot = "";
			targets = (
				97405E8E20FE2767008DF546 /* Mangavigator */,
			);
		};
/* End PBXProject section */

/* Begin PBXResourcesBuildPhase section */
		97405E8D20FE2767008DF546 /* Resources */ = {
			isa = PBXResourcesBuildPhase;
			buildActionMask = 2147483647;
			files = (
				97405E9720FE2768008DF546 /* Assets.xcassets in Resources */,
				97405E9A20FE2768008DF546 /* Main.storyboard in Resources */,
			);
			runOnlyForDeploymentPostprocessing = 0;
		};
/* End PBXResourcesBuildPhase section */

/* Begin PBXSourcesBuildPhase section */
		97405E8B20FE2767008DF546 /* Sources */ = {
			isa = PBXSourcesBuildPhase;
			buildActionMask = 2147483647;
			files = (
				97671FBE2145536200B19B79 /* PreviewableSlider.swift in Sources */,
				97C99A202106145A00DA0D48 /* BookZipDocument.swift in Sources */,
				972D447C213C3E5F00A6E928 /* Bundle+Extension.swift in Sources */,
				97874A2E2103A79300DACCE8 /* BookItem.swift in Sources */,
				972D447A213C330800A6E928 /* main.swift in Sources */,
				97FBC4CB211F656300A8DC3F /* Entry+Extension.swift in Sources */,
				97FBC4CD211F71EB00A8DC3F /* EventsView.swift in Sources */,
				9754843B2128608A00DAEAD0 /* BookPageOperation.swift in Sources */,
				977902FF210C4CD6009458F8 /* BookContainerViewController.swift in Sources */,
				97405E9520FE2767008DF546 /* ViewController.swift in Sources */,
				97671FC02145681100B19B79 /* NSImage+Extension.swift in Sources */,
				977E5FD6211891EB0011BB1A /* BookPage.swift in Sources */,
				97DBB3E22123219C004DB117 /* Log.swift in Sources */,
				97367062213581C80032CD76 /* BookControlsViewController.swift in Sources */,
				97367064213584D00032CD76 /* NSViewController+Extension.swift in Sources */,
				970EAD93213AE98000AA0A42 /* Styles.swift in Sources */,
				97932DEA210CA5DC0077368B /* BookShelfViewController.swift in Sources */,
				972D447E213C3FFF00A6E928 /* AppDelegate+Menus.swift in Sources */,
				97550AB421109C9E003E93FF /* BookPresenterViewController.swift in Sources */,
				973C886621398F9800A42A18 /* UserDefaults+Extension.swift in Sources */,
				970EAD95213AEE7300AA0A42 /* Images.swift in Sources */,
				97405EA320FE2988008DF546 /* AppContext.swift in Sources */,
				97874A302103A87500DACCE8 /* BookShelfDataSource.swift in Sources */,
				97FD321E21134E2E00EE4978 /* Book.swift in Sources */,
				9754843D212863AF00DAEAD0 /* BookData.swift in Sources */,
				97405E9320FE2767008DF546 /* AppDelegate.swift in Sources */,
				9754843921285D4200DAEAD0 /* BookOperationScheduler.swift in Sources */,
				97FD322021134ED000EE4978 /* BookError.swift in Sources */,
			);
			runOnlyForDeploymentPostprocessing = 0;
		};
/* End PBXSourcesBuildPhase section */

/* Begin PBXVariantGroup section */
		97405E9820FE2768008DF546 /* Main.storyboard */ = {
			isa = PBXVariantGroup;
			children = (
				97405E9920FE2768008DF546 /* Base */,
			);
			name = Main.storyboard;
			sourceTree = "<group>";
		};
/* End PBXVariantGroup section */

/* Begin XCBuildConfiguration section */
		97405E9D20FE2768008DF546 /* Debug */ = {
			isa = XCBuildConfiguration;
			buildSettings = {
				ALWAYS_SEARCH_USER_PATHS = NO;
				CLANG_ANALYZER_NONNULL = YES;
				CLANG_ANALYZER_NUMBER_OBJECT_CONVERSION = YES_AGGRESSIVE;
				CLANG_CXX_LANGUAGE_STANDARD = "gnu++14";
				CLANG_CXX_LIBRARY = "libc++";
				CLANG_ENABLE_MODULES = YES;
				CLANG_ENABLE_OBJC_ARC = YES;
				CLANG_ENABLE_OBJC_WEAK = YES;
				CLANG_WARN_BLOCK_CAPTURE_AUTORELEASING = YES;
				CLANG_WARN_BOOL_CONVERSION = YES;
				CLANG_WARN_COMMA = YES;
				CLANG_WARN_CONSTANT_CONVERSION = YES;
				CLANG_WARN_DEPRECATED_OBJC_IMPLEMENTATIONS = YES;
				CLANG_WARN_DIRECT_OBJC_ISA_USAGE = YES_ERROR;
				CLANG_WARN_DOCUMENTATION_COMMENTS = YES;
				CLANG_WARN_EMPTY_BODY = YES;
				CLANG_WARN_ENUM_CONVERSION = YES;
				CLANG_WARN_INFINITE_RECURSION = YES;
				CLANG_WARN_INT_CONVERSION = YES;
				CLANG_WARN_NON_LITERAL_NULL_CONVERSION = YES;
				CLANG_WARN_OBJC_IMPLICIT_RETAIN_SELF = YES;
				CLANG_WARN_OBJC_LITERAL_CONVERSION = YES;
				CLANG_WARN_OBJC_ROOT_CLASS = YES_ERROR;
				CLANG_WARN_QUOTED_INCLUDE_IN_FRAMEWORK_HEADER = YES;
				CLANG_WARN_RANGE_LOOP_ANALYSIS = YES;
				CLANG_WARN_STRICT_PROTOTYPES = YES;
				CLANG_WARN_SUSPICIOUS_MOVE = YES;
				CLANG_WARN_UNGUARDED_AVAILABILITY = YES_AGGRESSIVE;
				CLANG_WARN_UNREACHABLE_CODE = YES;
				CLANG_WARN__DUPLICATE_METHOD_MATCH = YES;
				CODE_SIGN_IDENTITY = "-";
				COPY_PHASE_STRIP = NO;
				DEAD_CODE_STRIPPING = YES;
				DEBUG_INFORMATION_FORMAT = dwarf;
				ENABLE_STRICT_OBJC_MSGSEND = YES;
				ENABLE_TESTABILITY = YES;
				GCC_C_LANGUAGE_STANDARD = gnu11;
				GCC_DYNAMIC_NO_PIC = NO;
				GCC_NO_COMMON_BLOCKS = YES;
				GCC_OPTIMIZATION_LEVEL = 0;
				GCC_PREPROCESSOR_DEFINITIONS = (
					"DEBUG=1",
					"$(inherited)",
				);
				GCC_WARN_64_TO_32_BIT_CONVERSION = YES;
				GCC_WARN_ABOUT_RETURN_TYPE = YES_ERROR;
				GCC_WARN_UNDECLARED_SELECTOR = YES;
				GCC_WARN_UNINITIALIZED_AUTOS = YES_AGGRESSIVE;
				GCC_WARN_UNUSED_FUNCTION = YES;
				GCC_WARN_UNUSED_VARIABLE = YES;
				MACOSX_DEPLOYMENT_TARGET = 10.13;
				MTL_ENABLE_DEBUG_INFO = INCLUDE_SOURCE;
				MTL_FAST_MATH = YES;
				ONLY_ACTIVE_ARCH = YES;
				SDKROOT = macosx;
				SWIFT_ACTIVE_COMPILATION_CONDITIONS = DEBUG;
				SWIFT_OPTIMIZATION_LEVEL = "-Onone";
			};
			name = Debug;
		};
		97405E9E20FE2768008DF546 /* Release */ = {
			isa = XCBuildConfiguration;
			buildSettings = {
				ALWAYS_SEARCH_USER_PATHS = NO;
				CLANG_ANALYZER_NONNULL = YES;
				CLANG_ANALYZER_NUMBER_OBJECT_CONVERSION = YES_AGGRESSIVE;
				CLANG_CXX_LANGUAGE_STANDARD = "gnu++14";
				CLANG_CXX_LIBRARY = "libc++";
				CLANG_ENABLE_MODULES = YES;
				CLANG_ENABLE_OBJC_ARC = YES;
				CLANG_ENABLE_OBJC_WEAK = YES;
				CLANG_WARN_BLOCK_CAPTURE_AUTORELEASING = YES;
				CLANG_WARN_BOOL_CONVERSION = YES;
				CLANG_WARN_COMMA = YES;
				CLANG_WARN_CONSTANT_CONVERSION = YES;
				CLANG_WARN_DEPRECATED_OBJC_IMPLEMENTATIONS = YES;
				CLANG_WARN_DIRECT_OBJC_ISA_USAGE = YES_ERROR;
				CLANG_WARN_DOCUMENTATION_COMMENTS = YES;
				CLANG_WARN_EMPTY_BODY = YES;
				CLANG_WARN_ENUM_CONVERSION = YES;
				CLANG_WARN_INFINITE_RECURSION = YES;
				CLANG_WARN_INT_CONVERSION = YES;
				CLANG_WARN_NON_LITERAL_NULL_CONVERSION = YES;
				CLANG_WARN_OBJC_IMPLICIT_RETAIN_SELF = YES;
				CLANG_WARN_OBJC_LITERAL_CONVERSION = YES;
				CLANG_WARN_OBJC_ROOT_CLASS = YES_ERROR;
				CLANG_WARN_QUOTED_INCLUDE_IN_FRAMEWORK_HEADER = YES;
				CLANG_WARN_RANGE_LOOP_ANALYSIS = YES;
				CLANG_WARN_STRICT_PROTOTYPES = YES;
				CLANG_WARN_SUSPICIOUS_MOVE = YES;
				CLANG_WARN_UNGUARDED_AVAILABILITY = YES_AGGRESSIVE;
				CLANG_WARN_UNREACHABLE_CODE = YES;
				CLANG_WARN__DUPLICATE_METHOD_MATCH = YES;
				CODE_SIGN_IDENTITY = "-";
				COPY_PHASE_STRIP = NO;
				DEAD_CODE_STRIPPING = YES;
				DEBUG_INFORMATION_FORMAT = "dwarf-with-dsym";
				ENABLE_NS_ASSERTIONS = NO;
				ENABLE_STRICT_OBJC_MSGSEND = YES;
				GCC_C_LANGUAGE_STANDARD = gnu11;
				GCC_NO_COMMON_BLOCKS = YES;
				GCC_WARN_64_TO_32_BIT_CONVERSION = YES;
				GCC_WARN_ABOUT_RETURN_TYPE = YES_ERROR;
				GCC_WARN_UNDECLARED_SELECTOR = YES;
				GCC_WARN_UNINITIALIZED_AUTOS = YES_AGGRESSIVE;
				GCC_WARN_UNUSED_FUNCTION = YES;
				GCC_WARN_UNUSED_VARIABLE = YES;
				MACOSX_DEPLOYMENT_TARGET = 10.13;
				MTL_ENABLE_DEBUG_INFO = NO;
				MTL_FAST_MATH = YES;
				SDKROOT = macosx;
				SWIFT_COMPILATION_MODE = wholemodule;
				SWIFT_OPTIMIZATION_LEVEL = "-O";
			};
			name = Release;
		};
		97405EA020FE2768008DF546 /* Debug */ = {
			isa = XCBuildConfiguration;
			buildSettings = {
				ASSETCATALOG_COMPILER_APPICON_NAME = AppIcon;
				CODE_SIGN_ENTITLEMENTS = Mangavigator/Mangavigator.entitlements;
				CODE_SIGN_IDENTITY = "-";
				COMBINE_HIDPI_IMAGES = YES;
				DEAD_CODE_STRIPPING = YES;
				INFOPLIST_FILE = Mangavigator/Info.plist;
				LD_RUNPATH_SEARCH_PATHS = (
					"$(inherited)",
					"@executable_path/../Frameworks",
				);
				PRODUCT_BUNDLE_IDENTIFIER = me.axl411.Mangavigator;
				PRODUCT_NAME = "$(TARGET_NAME)";
				SWIFT_VERSION = 5.0;
			};
			name = Debug;
		};
		97405EA120FE2768008DF546 /* Release */ = {
			isa = XCBuildConfiguration;
			buildSettings = {
				ASSETCATALOG_COMPILER_APPICON_NAME = AppIcon;
				CODE_SIGN_ENTITLEMENTS = Mangavigator/Mangavigator.entitlements;
				CODE_SIGN_IDENTITY = "-";
				COMBINE_HIDPI_IMAGES = YES;
				DEAD_CODE_STRIPPING = YES;
				INFOPLIST_FILE = Mangavigator/Info.plist;
				LD_RUNPATH_SEARCH_PATHS = (
					"$(inherited)",
					"@executable_path/../Frameworks",
				);
				PRODUCT_BUNDLE_IDENTIFIER = me.axl411.Mangavigator;
				PRODUCT_NAME = "$(TARGET_NAME)";
				SWIFT_VERSION = 5.0;
			};
			name = Release;
		};
/* End XCBuildConfiguration section */

/* Begin XCConfigurationList section */
		97405E8A20FE2767008DF546 /* Build configuration list for PBXProject "Mangavigator" */ = {
			isa = XCConfigurationList;
			buildConfigurations = (
				97405E9D20FE2768008DF546 /* Debug */,
				97405E9E20FE2768008DF546 /* Release */,
			);
			defaultConfigurationIsVisible = 0;
			defaultConfigurationName = Release;
		};
		97405E9F20FE2768008DF546 /* Build configuration list for PBXNativeTarget "Mangavigator" */ = {
			isa = XCConfigurationList;
			buildConfigurations = (
				97405EA020FE2768008DF546 /* Debug */,
				97405EA120FE2768008DF546 /* Release */,
			);
			defaultConfigurationIsVisible = 0;
			defaultConfigurationName = Release;
		};
/* End XCConfigurationList section */

/* Begin XCRemoteSwiftPackageReference section */
		1380AC6428E4A0AF00C43ACB /* XCRemoteSwiftPackageReference "ZIPFoundation" */ = {
			isa = XCRemoteSwiftPackageReference;
			repositoryURL = "https://github.com/weichsel/ZIPFoundation";
			requirement = {
				kind = upToNextMajorVersion;
				minimumVersion = 0.9.9;
			};
		};
/* End XCRemoteSwiftPackageReference section */

/* Begin XCSwiftPackageProductDependency section */
		1380AC6528E4A0AF00C43ACB /* ZIPFoundation */ = {
			isa = XCSwiftPackageProductDependency;
			package = 1380AC6428E4A0AF00C43ACB /* XCRemoteSwiftPackageReference "ZIPFoundation" */;
			productName = ZIPFoundation;
		};
/* End XCSwiftPackageProductDependency section */
	};
	rootObject = 97405E8720FE2767008DF546 /* Project object */;
}
